
Microsoft Visual Studio Solution File, Format Version 12.00
# Visual Studio Version 16
VisualStudioVersion = 16.0.29306.81
MinimumVisualStudioVersion = 10.0.40219.1
Project("{8BC9CEB8-8B4A-11D0-8D11-00A0C91BC942}") = "3.0 Exercices Loops", "3.0 Exercices Loops\3.0 Exercices Loops.vcxproj", "{A53C1EE9-B0B3-4415-8A9F-4834477E0815}"
EndProject
Global
	GlobalSection(SolutionConfigurationPlatforms) = preSolution
		Debug|x64 = Debug|x64
		Debug|x86 = Debug|x86
		Release|x64 = Release|x64
		Release|x86 = Release|x86
	EndGlobalSection
	GlobalSection(ProjectConfigurationPlatforms) = postSolution
		{A53C1EE9-B0B3-4415-8A9F-4834477E0815}.Debug|x64.ActiveCfg = Debug|x64
		{A53C1EE9-B0B3-4415-8A9F-4834477E0815}.Debug|x64.Build.0 = Debug|x64
		{A53C1EE9-B0B3-4415-8A9F-4834477E0815}.Debug|x86.ActiveCfg = Debug|Win32
		{A53C1EE9-B0B3-4415-8A9F-4834477E0815}.Debug|x86.Build.0 = Debug|Win32
		{A53C1EE9-B0B3-4415-8A9F-4834477E0815}.Release|x64.ActiveCfg = Release|x64
		{A53C1EE9-B0B3-4415-8A9F-4834477E0815}.Release|x64.Build.0 = Release|x64
		{A53C1EE9-B0B3-4415-8A9F-4834477E0815}.Release|x86.ActiveCfg = Release|Win32
		{A53C1EE9-B0B3-4415-8A9F-4834477E0815}.Release|x86.Build.0 = Release|Win32
	EndGlobalSection
	GlobalSection(SolutionProperties) = preSolution
		HideSolutionNode = FALSE
	EndGlobalSection
	GlobalSection(ExtensibilityGlobals) = postSolution
		SolutionGuid = {3BB559C6-6368-41D3-81D3-09DCB43C34EF}
	EndGlobalSection
EndGlobal
